
Microsoft Visual Studio Solution File, Format Version 12.00
# Visual Studio Version 16
VisualStudioVersion = 16.0.31729.503
MinimumVisualStudioVersion = 10.0.40219.1
Project("{FAE04EC0-301F-11D3-BF4B-00C04F79EFBC}") = "MapApp.Android", "MapApp\MapApp.Android\MapApp.Android.csproj", "{5D55231C-798D-4956-8442-CFD2749EF965}"
EndProject
Project("{FAE04EC0-301F-11D3-BF4B-00C04F79EFBC}") = "MapApp.iOS", "MapApp\MapApp.iOS\MapApp.iOS.csproj", "{27113B7C-805A-4000-916D-156ED1ACB825}"
EndProject
Project("{9A19103F-16F7-4668-BE54-9A1E7A4F7556}") = "MapApp", "MapApp\MapApp\MapApp.csproj", "{6A0ED80A-8E52-44C4-AB39-B1D3E06EA71B}"
EndProject
Project("{9A19103F-16F7-4668-BE54-9A1E7A4F7556}") = "ConsoleApp", "ConsoleApp\ConsoleApp.csproj", "{98768668-937B-4733-B9DE-4FC2E90B4184}"
EndProject
Project("{9A19103F-16F7-4668-BE54-9A1E7A4F7556}") = "EncounterMe", "EncounterMe\EncounterMe.csproj", "{F600C93C-EC1A-4874-99E8-218E2A86A50E}"
EndProject
Project("{FAE04EC0-301F-11D3-BF4B-00C04F79EFBC}") = "WebServer", "WebServer\WebServer.csproj", "{49518821-0D4A-4506-8C0A-C51403412ED6}"
EndProject
Project("{9A19103F-16F7-4668-BE54-9A1E7A4F7556}") = "EncounterMeTests", "EncounterMeTests\EncounterMeTests.csproj", "{265FF93A-82B2-493B-A2DF-2403B3D516E1}"
EndProject
Project("{9A19103F-16F7-4668-BE54-9A1E7A4F7556}") = "WebAPI", "WebAPI\WebAPI.csproj", "{763D962C-BF7B-41F8-8F0E-251E568207E7}"
EndProject
Global
	GlobalSection(SolutionConfigurationPlatforms) = preSolution
		Debug|Any CPU = Debug|Any CPU
		Debug|iPhone = Debug|iPhone
		Debug|iPhoneSimulator = Debug|iPhoneSimulator
		Release|Any CPU = Release|Any CPU
		Release|iPhone = Release|iPhone
		Release|iPhoneSimulator = Release|iPhoneSimulator
	EndGlobalSection
	GlobalSection(ProjectConfigurationPlatforms) = postSolution
		{5D55231C-798D-4956-8442-CFD2749EF965}.Debug|Any CPU.ActiveCfg = Debug|Any CPU
		{5D55231C-798D-4956-8442-CFD2749EF965}.Debug|Any CPU.Build.0 = Debug|Any CPU
		{5D55231C-798D-4956-8442-CFD2749EF965}.Debug|Any CPU.Deploy.0 = Debug|Any CPU
		{5D55231C-798D-4956-8442-CFD2749EF965}.Debug|iPhone.ActiveCfg = Debug|Any CPU
		{5D55231C-798D-4956-8442-CFD2749EF965}.Debug|iPhone.Build.0 = Debug|Any CPU
		{5D55231C-798D-4956-8442-CFD2749EF965}.Debug|iPhone.Deploy.0 = Debug|Any CPU
		{5D55231C-798D-4956-8442-CFD2749EF965}.Debug|iPhoneSimulator.ActiveCfg = Debug|Any CPU
		{5D55231C-798D-4956-8442-CFD2749EF965}.Debug|iPhoneSimulator.Build.0 = Debug|Any CPU
		{5D55231C-798D-4956-8442-CFD2749EF965}.Debug|iPhoneSimulator.Deploy.0 = Debug|Any CPU
		{5D55231C-798D-4956-8442-CFD2749EF965}.Release|Any CPU.ActiveCfg = Release|Any CPU
		{5D55231C-798D-4956-8442-CFD2749EF965}.Release|Any CPU.Build.0 = Release|Any CPU
		{5D55231C-798D-4956-8442-CFD2749EF965}.Release|Any CPU.Deploy.0 = Release|Any CPU
		{5D55231C-798D-4956-8442-CFD2749EF965}.Release|iPhone.ActiveCfg = Release|Any CPU
		{5D55231C-798D-4956-8442-CFD2749EF965}.Release|iPhone.Build.0 = Release|Any CPU
		{5D55231C-798D-4956-8442-CFD2749EF965}.Release|iPhone.Deploy.0 = Release|Any CPU
		{5D55231C-798D-4956-8442-CFD2749EF965}.Release|iPhoneSimulator.ActiveCfg = Release|Any CPU
		{5D55231C-798D-4956-8442-CFD2749EF965}.Release|iPhoneSimulator.Build.0 = Release|Any CPU
		{5D55231C-798D-4956-8442-CFD2749EF965}.Release|iPhoneSimulator.Deploy.0 = Release|Any CPU
		{27113B7C-805A-4000-916D-156ED1ACB825}.Debug|Any CPU.ActiveCfg = Debug|iPhone
		{27113B7C-805A-4000-916D-156ED1ACB825}.Debug|Any CPU.Deploy.0 = Debug|iPhone
		{27113B7C-805A-4000-916D-156ED1ACB825}.Debug|iPhone.ActiveCfg = Debug|iPhone
		{27113B7C-805A-4000-916D-156ED1ACB825}.Debug|iPhone.Build.0 = Debug|iPhone
		{27113B7C-805A-4000-916D-156ED1ACB825}.Debug|iPhone.Deploy.0 = Debug|iPhone
		{27113B7C-805A-4000-916D-156ED1ACB825}.Debug|iPhoneSimulator.ActiveCfg = Debug|iPhoneSimulator
		{27113B7C-805A-4000-916D-156ED1ACB825}.Debug|iPhoneSimulator.Build.0 = Debug|iPhoneSimulator
		{27113B7C-805A-4000-916D-156ED1ACB825}.Debug|iPhoneSimulator.Deploy.0 = Debug|iPhoneSimulator
		{27113B7C-805A-4000-916D-156ED1ACB825}.Release|Any CPU.ActiveCfg = Release|iPhoneSimulator
		{27113B7C-805A-4000-916D-156ED1ACB825}.Release|Any CPU.Build.0 = Release|iPhoneSimulator
		{27113B7C-805A-4000-916D-156ED1ACB825}.Release|Any CPU.Deploy.0 = Release|iPhoneSimulator
		{27113B7C-805A-4000-916D-156ED1ACB825}.Release|iPhone.ActiveCfg = Release|iPhone
		{27113B7C-805A-4000-916D-156ED1ACB825}.Release|iPhone.Build.0 = Release|iPhone
		{27113B7C-805A-4000-916D-156ED1ACB825}.Release|iPhone.Deploy.0 = Release|iPhone
		{27113B7C-805A-4000-916D-156ED1ACB825}.Release|iPhoneSimulator.ActiveCfg = Release|iPhoneSimulator
		{27113B7C-805A-4000-916D-156ED1ACB825}.Release|iPhoneSimulator.Build.0 = Release|iPhoneSimulator
		{27113B7C-805A-4000-916D-156ED1ACB825}.Release|iPhoneSimulator.Deploy.0 = Release|iPhoneSimulator
		{6A0ED80A-8E52-44C4-AB39-B1D3E06EA71B}.Debug|Any CPU.ActiveCfg = Debug|Any CPU
		{6A0ED80A-8E52-44C4-AB39-B1D3E06EA71B}.Debug|Any CPU.Build.0 = Debug|Any CPU
		{6A0ED80A-8E52-44C4-AB39-B1D3E06EA71B}.Debug|Any CPU.Deploy.0 = Debug|Any CPU
		{6A0ED80A-8E52-44C4-AB39-B1D3E06EA71B}.Debug|iPhone.ActiveCfg = Debug|Any CPU
		{6A0ED80A-8E52-44C4-AB39-B1D3E06EA71B}.Debug|iPhone.Build.0 = Debug|Any CPU
		{6A0ED80A-8E52-44C4-AB39-B1D3E06EA71B}.Debug|iPhone.Deploy.0 = Debug|Any CPU
		{6A0ED80A-8E52-44C4-AB39-B1D3E06EA71B}.Debug|iPhoneSimulator.ActiveCfg = Debug|Any CPU
		{6A0ED80A-8E52-44C4-AB39-B1D3E06EA71B}.Debug|iPhoneSimulator.Build.0 = Debug|Any CPU
		{6A0ED80A-8E52-44C4-AB39-B1D3E06EA71B}.Debug|iPhoneSimulator.Deploy.0 = Debug|Any CPU
		{6A0ED80A-8E52-44C4-AB39-B1D3E06EA71B}.Release|Any CPU.ActiveCfg = Release|Any CPU
		{6A0ED80A-8E52-44C4-AB39-B1D3E06EA71B}.Release|Any CPU.Build.0 = Release|Any CPU
		{6A0ED80A-8E52-44C4-AB39-B1D3E06EA71B}.Release|Any CPU.Deploy.0 = Release|Any CPU
		{6A0ED80A-8E52-44C4-AB39-B1D3E06EA71B}.Release|iPhone.ActiveCfg = Release|Any CPU
		{6A0ED80A-8E52-44C4-AB39-B1D3E06EA71B}.Release|iPhone.Build.0 = Release|Any CPU
		{6A0ED80A-8E52-44C4-AB39-B1D3E06EA71B}.Release|iPhone.Deploy.0 = Release|Any CPU
		{6A0ED80A-8E52-44C4-AB39-B1D3E06EA71B}.Release|iPhoneSimulator.ActiveCfg = Release|Any CPU
		{6A0ED80A-8E52-44C4-AB39-B1D3E06EA71B}.Release|iPhoneSimulator.Build.0 = Release|Any CPU
		{6A0ED80A-8E52-44C4-AB39-B1D3E06EA71B}.Release|iPhoneSimulator.Deploy.0 = Release|Any CPU
		{98768668-937B-4733-B9DE-4FC2E90B4184}.Debug|Any CPU.ActiveCfg = Debug|Any CPU
		{98768668-937B-4733-B9DE-4FC2E90B4184}.Debug|Any CPU.Build.0 = Debug|Any CPU
		{98768668-937B-4733-B9DE-4FC2E90B4184}.Debug|iPhone.ActiveCfg = Debug|Any CPU
		{98768668-937B-4733-B9DE-4FC2E90B4184}.Debug|iPhone.Build.0 = Debug|Any CPU
		{98768668-937B-4733-B9DE-4FC2E90B4184}.Debug|iPhoneSimulator.ActiveCfg = Debug|Any CPU
		{98768668-937B-4733-B9DE-4FC2E90B4184}.Debug|iPhoneSimulator.Build.0 = Debug|Any CPU
		{98768668-937B-4733-B9DE-4FC2E90B4184}.Release|Any CPU.ActiveCfg = Release|Any CPU
		{98768668-937B-4733-B9DE-4FC2E90B4184}.Release|Any CPU.Build.0 = Release|Any CPU
		{98768668-937B-4733-B9DE-4FC2E90B4184}.Release|iPhone.ActiveCfg = Release|Any CPU
		{98768668-937B-4733-B9DE-4FC2E90B4184}.Release|iPhone.Build.0 = Release|Any CPU
		{98768668-937B-4733-B9DE-4FC2E90B4184}.Release|iPhoneSimulator.ActiveCfg = Release|Any CPU
		{98768668-937B-4733-B9DE-4FC2E90B4184}.Release|iPhoneSimulator.Build.0 = Release|Any CPU
		{F600C93C-EC1A-4874-99E8-218E2A86A50E}.Debug|Any CPU.ActiveCfg = Debug|Any CPU
		{F600C93C-EC1A-4874-99E8-218E2A86A50E}.Debug|Any CPU.Build.0 = Debug|Any CPU
		{F600C93C-EC1A-4874-99E8-218E2A86A50E}.Debug|iPhone.ActiveCfg = Debug|Any CPU
		{F600C93C-EC1A-4874-99E8-218E2A86A50E}.Debug|iPhone.Build.0 = Debug|Any CPU
		{F600C93C-EC1A-4874-99E8-218E2A86A50E}.Debug|iPhoneSimulator.ActiveCfg = Debug|Any CPU
		{F600C93C-EC1A-4874-99E8-218E2A86A50E}.Debug|iPhoneSimulator.Build.0 = Debug|Any CPU
		{F600C93C-EC1A-4874-99E8-218E2A86A50E}.Release|Any CPU.ActiveCfg = Release|Any CPU
		{F600C93C-EC1A-4874-99E8-218E2A86A50E}.Release|Any CPU.Build.0 = Release|Any CPU
		{F600C93C-EC1A-4874-99E8-218E2A86A50E}.Release|iPhone.ActiveCfg = Release|Any CPU
		{F600C93C-EC1A-4874-99E8-218E2A86A50E}.Release|iPhone.Build.0 = Release|Any CPU
		{F600C93C-EC1A-4874-99E8-218E2A86A50E}.Release|iPhoneSimulator.ActiveCfg = Release|Any CPU
		{F600C93C-EC1A-4874-99E8-218E2A86A50E}.Release|iPhoneSimulator.Build.0 = Release|Any CPU
		{49518821-0D4A-4506-8C0A-C51403412ED6}.Debug|Any CPU.ActiveCfg = Debug|Any CPU
		{49518821-0D4A-4506-8C0A-C51403412ED6}.Debug|Any CPU.Build.0 = Debug|Any CPU
		{49518821-0D4A-4506-8C0A-C51403412ED6}.Debug|iPhone.ActiveCfg = Debug|Any CPU
		{49518821-0D4A-4506-8C0A-C51403412ED6}.Debug|iPhone.Build.0 = Debug|Any CPU
		{49518821-0D4A-4506-8C0A-C51403412ED6}.Debug|iPhoneSimulator.ActiveCfg = Debug|Any CPU
		{49518821-0D4A-4506-8C0A-C51403412ED6}.Debug|iPhoneSimulator.Build.0 = Debug|Any CPU
		{49518821-0D4A-4506-8C0A-C51403412ED6}.Release|Any CPU.ActiveCfg = Release|Any CPU
		{49518821-0D4A-4506-8C0A-C51403412ED6}.Release|Any CPU.Build.0 = Release|Any CPU
		{49518821-0D4A-4506-8C0A-C51403412ED6}.Release|iPhone.ActiveCfg = Release|Any CPU
		{49518821-0D4A-4506-8C0A-C51403412ED6}.Release|iPhone.Build.0 = Release|Any CPU
		{49518821-0D4A-4506-8C0A-C51403412ED6}.Release|iPhoneSimulator.ActiveCfg = Release|Any CPU
		{49518821-0D4A-4506-8C0A-C51403412ED6}.Release|iPhoneSimulator.Build.0 = Release|Any CPU
		{265FF93A-82B2-493B-A2DF-2403B3D516E1}.Debug|Any CPU.ActiveCfg = Debug|Any CPU
		{265FF93A-82B2-493B-A2DF-2403B3D516E1}.Debug|Any CPU.Build.0 = Debug|Any CPU
		{265FF93A-82B2-493B-A2DF-2403B3D516E1}.Debug|iPhone.ActiveCfg = Debug|Any CPU
		{265FF93A-82B2-493B-A2DF-2403B3D516E1}.Debug|iPhone.Build.0 = Debug|Any CPU
		{265FF93A-82B2-493B-A2DF-2403B3D516E1}.Debug|iPhoneSimulator.ActiveCfg = Debug|Any CPU
		{265FF93A-82B2-493B-A2DF-2403B3D516E1}.Debug|iPhoneSimulator.Build.0 = Debug|Any CPU
		{265FF93A-82B2-493B-A2DF-2403B3D516E1}.Release|Any CPU.ActiveCfg = Release|Any CPU
		{265FF93A-82B2-493B-A2DF-2403B3D516E1}.Release|Any CPU.Build.0 = Release|Any CPU
		{265FF93A-82B2-493B-A2DF-2403B3D516E1}.Release|iPhone.ActiveCfg = Release|Any CPU
		{265FF93A-82B2-493B-A2DF-2403B3D516E1}.Release|iPhone.Build.0 = Release|Any CPU
		{265FF93A-82B2-493B-A2DF-2403B3D516E1}.Release|iPhoneSimulator.ActiveCfg = Release|Any CPU
		{265FF93A-82B2-493B-A2DF-2403B3D516E1}.Release|iPhoneSimulator.Build.0 = Release|Any CPU
		{763D962C-BF7B-41F8-8F0E-251E568207E7}.Debug|Any CPU.ActiveCfg = Debug|Any CPU
		{763D962C-BF7B-41F8-8F0E-251E568207E7}.Debug|Any CPU.Build.0 = Debug|Any CPU
		{763D962C-BF7B-41F8-8F0E-251E568207E7}.Debug|iPhone.ActiveCfg = Debug|Any CPU
		{763D962C-BF7B-41F8-8F0E-251E568207E7}.Debug|iPhone.Build.0 = Debug|Any CPU
		{763D962C-BF7B-41F8-8F0E-251E568207E7}.Debug|iPhoneSimulator.ActiveCfg = Debug|Any CPU
		{763D962C-BF7B-41F8-8F0E-251E568207E7}.Debug|iPhoneSimulator.Build.0 = Debug|Any CPU
		{763D962C-BF7B-41F8-8F0E-251E568207E7}.Release|Any CPU.ActiveCfg = Release|Any CPU
		{763D962C-BF7B-41F8-8F0E-251E568207E7}.Release|Any CPU.Build.0 = Release|Any CPU
		{763D962C-BF7B-41F8-8F0E-251E568207E7}.Release|iPhone.ActiveCfg = Release|Any CPU
		{763D962C-BF7B-41F8-8F0E-251E568207E7}.Release|iPhone.Build.0 = Release|Any CPU
		{763D962C-BF7B-41F8-8F0E-251E568207E7}.Release|iPhoneSimulator.ActiveCfg = Release|Any CPU
		{763D962C-BF7B-41F8-8F0E-251E568207E7}.Release|iPhoneSimulator.Build.0 = Release|Any CPU
	EndGlobalSection
	GlobalSection(SolutionProperties) = preSolution
		HideSolutionNode = FALSE
	EndGlobalSection
	GlobalSection(ExtensibilityGlobals) = postSolution
		SolutionGuid = {AC8E69DD-83A9-4922-AAB2-CC3E0633DD7B}
	EndGlobalSection
EndGlobal
